
Microsoft Visual Studio Solution File, Format Version 12.00
# Visual Studio Version 16
VisualStudioVersion = 16.0.29009.5
MinimumVisualStudioVersion = 10.0.40219.1
Project("{FAE04EC0-301F-11D3-BF4B-00C04F79EFBC}") = "arreglos", "arreglos\arreglos.csproj", "{C8EE4B05-0436-4F06-8039-08F8B32FA83A}"
EndProject
Global
	GlobalSection(SolutionConfigurationPlatforms) = preSolution
		Debug|Any CPU = Debug|Any CPU
		Release|Any CPU = Release|Any CPU
	EndGlobalSection
	GlobalSection(ProjectConfigurationPlatforms) = postSolution
		{C8EE4B05-0436-4F06-8039-08F8B32FA83A}.Debug|Any CPU.ActiveCfg = Debug|Any CPU
		{C8EE4B05-0436-4F06-8039-08F8B32FA83A}.Debug|Any CPU.Build.0 = Debug|Any CPU
		{C8EE4B05-0436-4F06-8039-08F8B32FA83A}.Release|Any CPU.ActiveCfg = Release|Any CPU
		{C8EE4B05-0436-4F06-8039-08F8B32FA83A}.Release|Any CPU.Build.0 = Release|Any CPU
	EndGlobalSection
	GlobalSection(SolutionProperties) = preSolution
		HideSolutionNode = FALSE
	EndGlobalSection
	GlobalSection(ExtensibilityGlobals) = postSolution
		SolutionGuid = {AD0DA5CC-FDC3-4416-846E-4BDE5286637A}
	EndGlobalSection
EndGlobal
